// !$*UTF8*$!
{
	archiveVersion = 1;
	classes = {
	};
	objectVersion = 56;
	objects = {

/* Begin PBXBuildFile section */
		74DC14982C108B3F0028B592 /* SwiftDelegatesStudyApp.swift in Sources */ = {isa = PBXBuildFile; fileRef = 74DC14972C108B3F0028B592 /* SwiftDelegatesStudyApp.swift */; };
		74DC149A2C108B3F0028B592 /* ContentView.swift in Sources */ = {isa = PBXBuildFile; fileRef = 74DC14992C108B3F0028B592 /* ContentView.swift */; };
		74DC149C2C108B400028B592 /* Assets.xcassets in Resources */ = {isa = PBXBuildFile; fileRef = 74DC149B2C108B400028B592 /* Assets.xcassets */; };
		74DC149F2C108B400028B592 /* Preview Assets.xcassets in Resources */ = {isa = PBXBuildFile; fileRef = 74DC149E2C108B400028B592 /* Preview Assets.xcassets */; };
		74DC14A72C108B880028B592 /* FileModel.swift in Sources */ = {isa = PBXBuildFile; fileRef = 74DC14A62C108B880028B592 /* FileModel.swift */; };
		74DC14A92C108B9E0028B592 /* DownloadDelegateProtocol.swift in Sources */ = {isa = PBXBuildFile; fileRef = 74DC14A82C108B9E0028B592 /* DownloadDelegateProtocol.swift */; };
		74DC14AB2C108BC40028B592 /* DownloadableModel.swift in Sources */ = {isa = PBXBuildFile; fileRef = 74DC14AA2C108BC40028B592 /* DownloadableModel.swift */; };
		74DC14AD2C108BD60028B592 /* DownloadManager.swift in Sources */ = {isa = PBXBuildFile; fileRef = 74DC14AC2C108BD60028B592 /* DownloadManager.swift */; };
		74DC14AF2C108BF80028B592 /* DownloadConsole.swift in Sources */ = {isa = PBXBuildFile; fileRef = 74DC14AE2C108BF80028B592 /* DownloadConsole.swift */; };
		74DC14B22C108C2B0028B592 /* DownloadInterface.swift in Sources */ = {isa = PBXBuildFile; fileRef = 74DC14B12C108C2B0028B592 /* DownloadInterface.swift */; };
/* End PBXBuildFile section */

/* Begin PBXFileReference section */
		74DC14942C108B3F0028B592 /* SwiftDelegatesStudy.app */ = {isa = PBXFileReference; explicitFileType = wrapper.application; includeInIndex = 0; path = SwiftDelegatesStudy.app; sourceTree = BUILT_PRODUCTS_DIR; };
		74DC14972C108B3F0028B592 /* SwiftDelegatesStudyApp.swift */ = {isa = PBXFileReference; lastKnownFileType = sourcecode.swift; path = SwiftDelegatesStudyApp.swift; sourceTree = "<group>"; };
		74DC14992C108B3F0028B592 /* ContentView.swift */ = {isa = PBXFileReference; lastKnownFileType = sourcecode.swift; path = ContentView.swift; sourceTree = "<group>"; };
		74DC149B2C108B400028B592 /* Assets.xcassets */ = {isa = PBXFileReference; lastKnownFileType = folder.assetcatalog; path = Assets.xcassets; sourceTree = "<group>"; };
		74DC149E2C108B400028B592 /* Preview Assets.xcassets */ = {isa = PBXFileReference; lastKnownFileType = folder.assetcatalog; path = "Preview Assets.xcassets"; sourceTree = "<group>"; };
		74DC14A62C108B880028B592 /* FileModel.swift */ = {isa = PBXFileReference; lastKnownFileType = sourcecode.swift; path = FileModel.swift; sourceTree = "<group>"; };
		74DC14A82C108B9E0028B592 /* DownloadDelegateProtocol.swift */ = {isa = PBXFileReference; lastKnownFileType = sourcecode.swift; path = DownloadDelegateProtocol.swift; sourceTree = "<group>"; };
		74DC14AA2C108BC40028B592 /* DownloadableModel.swift */ = {isa = PBXFileReference; lastKnownFileType = sourcecode.swift; path = DownloadableModel.swift; sourceTree = "<group>"; };
		74DC14AC2C108BD60028B592 /* DownloadManager.swift */ = {isa = PBXFileReference; lastKnownFileType = sourcecode.swift; path = DownloadManager.swift; sourceTree = "<group>"; };
		74DC14AE2C108BF80028B592 /* DownloadConsole.swift */ = {isa = PBXFileReference; lastKnownFileType = sourcecode.swift; path = DownloadConsole.swift; sourceTree = "<group>"; };
		74DC14B12C108C2B0028B592 /* DownloadInterface.swift */ = {isa = PBXFileReference; lastKnownFileType = sourcecode.swift; path = DownloadInterface.swift; sourceTree = "<group>"; };
/* End PBXFileReference section */

/* Begin PBXFrameworksBuildPhase section */
		74DC14912C108B3F0028B592 /* Frameworks */ = {
			isa = PBXFrameworksBuildPhase;
			buildActionMask = 2147483647;
			files = (
			);
			runOnlyForDeploymentPostprocessing = 0;
		};
/* End PBXFrameworksBuildPhase section */

/* Begin PBXGroup section */
		74DC148B2C108B3F0028B592 = {
			isa = PBXGroup;
			children = (
				74DC14962C108B3F0028B592 /* SwiftDelegatesStudy */,
				74DC14952C108B3F0028B592 /* Products */,
			);
			sourceTree = "<group>";
		};
		74DC14952C108B3F0028B592 /* Products */ = {
			isa = PBXGroup;
			children = (
				74DC14942C108B3F0028B592 /* SwiftDelegatesStudy.app */,
			);
			name = Products;
			sourceTree = "<group>";
		};
		74DC14962C108B3F0028B592 /* SwiftDelegatesStudy */ = {
			isa = PBXGroup;
			children = (
				74DC14972C108B3F0028B592 /* SwiftDelegatesStudyApp.swift */,
				74DC14992C108B3F0028B592 /* ContentView.swift */,
				74DC14A52C108B790028B592 /* Model */,
				74DC14AC2C108BD60028B592 /* DownloadManager.swift */,
				74DC14B02C108C090028B592 /* DelegatesFromManager */,
				74DC149B2C108B400028B592 /* Assets.xcassets */,
				74DC149D2C108B400028B592 /* Preview Content */,
			);
			path = SwiftDelegatesStudy;
			sourceTree = "<group>";
		};
		74DC149D2C108B400028B592 /* Preview Content */ = {
			isa = PBXGroup;
			children = (
				74DC149E2C108B400028B592 /* Preview Assets.xcassets */,
			);
			path = "Preview Content";
			sourceTree = "<group>";
		};
		74DC14A52C108B790028B592 /* Model */ = {
			isa = PBXGroup;
			children = (
				74DC14A62C108B880028B592 /* FileModel.swift */,
				74DC14A82C108B9E0028B592 /* DownloadDelegateProtocol.swift */,
				74DC14AA2C108BC40028B592 /* DownloadableModel.swift */,
			);
			path = Model;
			sourceTree = "<group>";
		};
		74DC14B02C108C090028B592 /* DelegatesFromManager */ = {
			isa = PBXGroup;
			children = (
				74DC14AE2C108BF80028B592 /* DownloadConsole.swift */,
				74DC14B12C108C2B0028B592 /* DownloadInterface.swift */,
			);
			path = DelegatesFromManager;
			sourceTree = "<group>";
		};
/* End PBXGroup section */

/* Begin PBXNativeTarget section */
		74DC14932C108B3F0028B592 /* SwiftDelegatesStudy */ = {
			isa = PBXNativeTarget;
			buildConfigurationList = 74DC14A22C108B400028B592 /* Build configuration list for PBXNativeTarget "SwiftDelegatesStudy" */;
			buildPhases = (
				74DC14902C108B3F0028B592 /* Sources */,
				74DC14912C108B3F0028B592 /* Frameworks */,
				74DC14922C108B3F0028B592 /* Resources */,
			);
			buildRules = (
			);
			dependencies = (
			);
			name = SwiftDelegatesStudy;
			productName = SwiftDelegatesStudy;
			productReference = 74DC14942C108B3F0028B592 /* SwiftDelegatesStudy.app */;
			productType = "com.apple.product-type.application";
		};
/* End PBXNativeTarget section */

/* Begin PBXProject section */
		74DC148C2C108B3F0028B592 /* Project object */ = {
			isa = PBXProject;
			attributes = {
				BuildIndependentTargetsInParallel = 1;
				LastSwiftUpdateCheck = 1530;
				LastUpgradeCheck = 1530;
				TargetAttributes = {
					74DC14932C108B3F0028B592 = {
						CreatedOnToolsVersion = 15.3;
					};
				};
			};
			buildConfigurationList = 74DC148F2C108B3F0028B592 /* Build configuration list for PBXProject "SwiftDelegatesStudy" */;
			compatibilityVersion = "Xcode 14.0";
			developmentRegion = en;
			hasScannedForEncodings = 0;
			knownRegions = (
				en,
				Base,
			);
			mainGroup = 74DC148B2C108B3F0028B592;
			productRefGroup = 74DC14952C108B3F0028B592 /* Products */;
			projectDirPath = "";
			projectRoot = "";
			targets = (
				74DC14932C108B3F0028B592 /* SwiftDelegatesStudy */,
			);
		};
/* End PBXProject section */

/* Begin PBXResourcesBuildPhase section */
		74DC14922C108B3F0028B592 /* Resources */ = {
			isa = PBXResourcesBuildPhase;
			buildActionMask = 2147483647;
			files = (
				74DC149F2C108B400028B592 /* Preview Assets.xcassets in Resources */,
				74DC149C2C108B400028B592 /* Assets.xcassets in Resources */,
			);
			runOnlyForDeploymentPostprocessing = 0;
		};
/* End PBXResourcesBuildPhase section */

/* Begin PBXSourcesBuildPhase section */
		74DC14902C108B3F0028B592 /* Sources */ = {
			isa = PBXSourcesBuildPhase;
			buildActionMask = 2147483647;
			files = (
				74DC149A2C108B3F0028B592 /* ContentView.swift in Sources */,
				74DC14AF2C108BF80028B592 /* DownloadConsole.swift in Sources */,
				74DC14AD2C108BD60028B592 /* DownloadManager.swift in Sources */,
				74DC14AB2C108BC40028B592 /* DownloadableModel.swift in Sources */,
				74DC14B22C108C2B0028B592 /* DownloadInterface.swift in Sources */,
				74DC14A72C108B880028B592 /* FileModel.swift in Sources */,
				74DC14A92C108B9E0028B592 /* DownloadDelegateProtocol.swift in Sources */,
				74DC14982C108B3F0028B592 /* SwiftDelegatesStudyApp.swift in Sources */,
			);
			runOnlyForDeploymentPostprocessing = 0;
		};
/* End PBXSourcesBuildPhase section */

/* Begin XCBuildConfiguration section */
		74DC14A02C108B400028B592 /* Debug */ = {
			isa = XCBuildConfiguration;
			buildSettings = {
				ALWAYS_SEARCH_USER_PATHS = NO;
				ASSETCATALOG_COMPILER_GENERATE_SWIFT_ASSET_SYMBOL_EXTENSIONS = YES;
				CLANG_ANALYZER_NONNULL = YES;
				CLANG_ANALYZER_NUMBER_OBJECT_CONVERSION = YES_AGGRESSIVE;
				CLANG_CXX_LANGUAGE_STANDARD = "gnu++20";
				CLANG_ENABLE_MODULES = YES;
				CLANG_ENABLE_OBJC_ARC = YES;
				CLANG_ENABLE_OBJC_WEAK = YES;
				CLANG_WARN_BLOCK_CAPTURE_AUTORELEASING = YES;
				CLANG_WARN_BOOL_CONVERSION = YES;
				CLANG_WARN_COMMA = YES;
				CLANG_WARN_CONSTANT_CONVERSION = YES;
				CLANG_WARN_DEPRECATED_OBJC_IMPLEMENTATIONS = YES;
				CLANG_WARN_DIRECT_OBJC_ISA_USAGE = YES_ERROR;
				CLANG_WARN_DOCUMENTATION_COMMENTS = YES;
				CLANG_WARN_EMPTY_BODY = YES;
				CLANG_WARN_ENUM_CONVERSION = YES;
				CLANG_WARN_INFINITE_RECURSION = YES;
				CLANG_WARN_INT_CONVERSION = YES;
				CLANG_WARN_NON_LITERAL_NULL_CONVERSION = YES;
				CLANG_WARN_OBJC_IMPLICIT_RETAIN_SELF = YES;
				CLANG_WARN_OBJC_LITERAL_CONVERSION = YES;
				CLANG_WARN_OBJC_ROOT_CLASS = YES_ERROR;
				CLANG_WARN_QUOTED_INCLUDE_IN_FRAMEWORK_HEADER = YES;
				CLANG_WARN_RANGE_LOOP_ANALYSIS = YES;
				CLANG_WARN_STRICT_PROTOTYPES = YES;
				CLANG_WARN_SUSPICIOUS_MOVE = YES;
				CLANG_WARN_UNGUARDED_AVAILABILITY = YES_AGGRESSIVE;
				CLANG_WARN_UNREACHABLE_CODE = YES;
				CLANG_WARN__DUPLICATE_METHOD_MATCH = YES;
				COPY_PHASE_STRIP = NO;
				DEBUG_INFORMATION_FORMAT = dwarf;
				ENABLE_STRICT_OBJC_MSGSEND = YES;
				ENABLE_TESTABILITY = YES;
				ENABLE_USER_SCRIPT_SANDBOXING = YES;
				GCC_C_LANGUAGE_STANDARD = gnu17;
				GCC_DYNAMIC_NO_PIC = NO;
				GCC_NO_COMMON_BLOCKS = YES;
				GCC_OPTIMIZATION_LEVEL = 0;
				GCC_PREPROCESSOR_DEFINITIONS = (
					"DEBUG=1",
					"$(inherited)",
				);
				GCC_WARN_64_TO_32_BIT_CONVERSION = YES;
				GCC_WARN_ABOUT_RETURN_TYPE = YES_ERROR;
				GCC_WARN_UNDECLARED_SELECTOR = YES;
				GCC_WARN_UNINITIALIZED_AUTOS = YES_AGGRESSIVE;
				GCC_WARN_UNUSED_FUNCTION = YES;
				GCC_WARN_UNUSED_VARIABLE = YES;
				IPHONEOS_DEPLOYMENT_TARGET = 17.4;
				LOCALIZATION_PREFERS_STRING_CATALOGS = YES;
				MTL_ENABLE_DEBUG_INFO = INCLUDE_SOURCE;
				MTL_FAST_MATH = YES;
				ONLY_ACTIVE_ARCH = YES;
				SDKROOT = iphoneos;
				SWIFT_ACTIVE_COMPILATION_CONDITIONS = "DEBUG $(inherited)";
				SWIFT_OPTIMIZATION_LEVEL = "-Onone";
			};
			name = Debug;
		};
		74DC14A12C108B400028B592 /* Release */ = {
			isa = XCBuildConfiguration;
			buildSettings = {
				ALWAYS_SEARCH_USER_PATHS = NO;
				ASSETCATALOG_COMPILER_GENERATE_SWIFT_ASSET_SYMBOL_EXTENSIONS = YES;
				CLANG_ANALYZER_NONNULL = YES;
				CLANG_ANALYZER_NUMBER_OBJECT_CONVERSION = YES_AGGRESSIVE;
				CLANG_CXX_LANGUAGE_STANDARD = "gnu++20";
				CLANG_ENABLE_MODULES = YES;
				CLANG_ENABLE_OBJC_ARC = YES;
				CLANG_ENABLE_OBJC_WEAK = YES;
				CLANG_WARN_BLOCK_CAPTURE_AUTORELEASING = YES;
				CLANG_WARN_BOOL_CONVERSION = YES;
				CLANG_WARN_COMMA = YES;
				CLANG_WARN_CONSTANT_CONVERSION = YES;
				CLANG_WARN_DEPRECATED_OBJC_IMPLEMENTATIONS = YES;
				CLANG_WARN_DIRECT_OBJC_ISA_USAGE = YES_ERROR;
				CLANG_WARN_DOCUMENTATION_COMMENTS = YES;
				CLANG_WARN_EMPTY_BODY = YES;
				CLANG_WARN_ENUM_CONVERSION = YES;
				CLANG_WARN_INFINITE_RECURSION = YES;
				CLANG_WARN_INT_CONVERSION = YES;
				CLANG_WARN_NON_LITERAL_NULL_CONVERSION = YES;
				CLANG_WARN_OBJC_IMPLICIT_RETAIN_SELF = YES;
				CLANG_WARN_OBJC_LITERAL_CONVERSION = YES;
				CLANG_WARN_OBJC_ROOT_CLASS = YES_ERROR;
				CLANG_WARN_QUOTED_INCLUDE_IN_FRAMEWORK_HEADER = YES;
				CLANG_WARN_RANGE_LOOP_ANALYSIS = YES;
				CLANG_WARN_STRICT_PROTOTYPES = YES;
				CLANG_WARN_SUSPICIOUS_MOVE = YES;
				CLANG_WARN_UNGUARDED_AVAILABILITY = YES_AGGRESSIVE;
				CLANG_WARN_UNREACHABLE_CODE = YES;
				CLANG_WARN__DUPLICATE_METHOD_MATCH = YES;
				COPY_PHASE_STRIP = NO;
				DEBUG_INFORMATION_FORMAT = "dwarf-with-dsym";
				ENABLE_NS_ASSERTIONS = NO;
				ENABLE_STRICT_OBJC_MSGSEND = YES;
				ENABLE_USER_SCRIPT_SANDBOXING = YES;
				GCC_C_LANGUAGE_STANDARD = gnu17;
				GCC_NO_COMMON_BLOCKS = YES;
				GCC_WARN_64_TO_32_BIT_CONVERSION = YES;
				GCC_WARN_ABOUT_RETURN_TYPE = YES_ERROR;
				GCC_WARN_UNDECLARED_SELECTOR = YES;
				GCC_WARN_UNINITIALIZED_AUTOS = YES_AGGRESSIVE;
				GCC_WARN_UNUSED_FUNCTION = YES;
				GCC_WARN_UNUSED_VARIABLE = YES;
				IPHONEOS_DEPLOYMENT_TARGET = 17.4;
				LOCALIZATION_PREFERS_STRING_CATALOGS = YES;
				MTL_ENABLE_DEBUG_INFO = NO;
				MTL_FAST_MATH = YES;
				SDKROOT = iphoneos;
				SWIFT_COMPILATION_MODE = wholemodule;
				VALIDATE_PRODUCT = YES;
			};
			name = Release;
		};
		74DC14A32C108B400028B592 /* Debug */ = {
			isa = XCBuildConfiguration;
			buildSettings = {
				ASSETCATALOG_COMPILER_APPICON_NAME = AppIcon;
				ASSETCATALOG_COMPILER_GLOBAL_ACCENT_COLOR_NAME = AccentColor;
				CODE_SIGN_STYLE = Automatic;
				CURRENT_PROJECT_VERSION = 1;
				DEVELOPMENT_ASSET_PATHS = "\"SwiftDelegatesStudy/Preview Content\"";
				DEVELOPMENT_TEAM = Q92SD7R6D3;
				ENABLE_PREVIEWS = YES;
				GENERATE_INFOPLIST_FILE = YES;
				INFOPLIST_KEY_UIApplicationSceneManifest_Generation = YES;
				INFOPLIST_KEY_UIApplicationSupportsIndirectInputEvents = YES;
				INFOPLIST_KEY_UILaunchScreen_Generation = YES;
				INFOPLIST_KEY_UISupportedInterfaceOrientations_iPad = "UIInterfaceOrientationPortrait UIInterfaceOrientationPortraitUpsideDown UIInterfaceOrientationLandscapeLeft UIInterfaceOrientationLandscapeRight";
				INFOPLIST_KEY_UISupportedInterfaceOrientations_iPhone = "UIInterfaceOrientationPortrait UIInterfaceOrientationLandscapeLeft UIInterfaceOrientationLandscapeRight";
				LD_RUNPATH_SEARCH_PATHS = (
					"$(inherited)",
					"@executable_path/Frameworks",
				);
				MARKETING_VERSION = 1.0;
				PRODUCT_BUNDLE_IDENTIFIER = caiopiteli.SwiftDelegatesStudy;
				PRODUCT_NAME = "$(TARGET_NAME)";
				SWIFT_EMIT_LOC_STRINGS = YES;
				SWIFT_VERSION = 5.0;
				TARGETED_DEVICE_FAMILY = "1,2";
			};
			name = Debug;
		};
		74DC14A42C108B400028B592 /* Release */ = {
			isa = XCBuildConfiguration;
			buildSettings = {
				ASSETCATALOG_COMPILER_APPICON_NAME = AppIcon;
				ASSETCATALOG_COMPILER_GLOBAL_ACCENT_COLOR_NAME = AccentColor;
				CODE_SIGN_STYLE = Automatic;
				CURRENT_PROJECT_VERSION = 1;
				DEVELOPMENT_ASSET_PATHS = "\"SwiftDelegatesStudy/Preview Content\"";
				DEVELOPMENT_TEAM = Q92SD7R6D3;
				ENABLE_PREVIEWS = YES;
				GENERATE_INFOPLIST_FILE = YES;
				INFOPLIST_KEY_UIApplicationSceneManifest_Generation = YES;
				INFOPLIST_KEY_UIApplicationSupportsIndirectInputEvents = YES;
				INFOPLIST_KEY_UILaunchScreen_Generation = YES;
				INFOPLIST_KEY_UISupportedInterfaceOrientations_iPad = "UIInterfaceOrientationPortrait UIInterfaceOrientationPortraitUpsideDown UIInterfaceOrientationLandscapeLeft UIInterfaceOrientationLandscapeRight";
				INFOPLIST_KEY_UISupportedInterfaceOrientations_iPhone = "UIInterfaceOrientationPortrait UIInterfaceOrientationLandscapeLeft UIInterfaceOrientationLandscapeRight";
				LD_RUNPATH_SEARCH_PATHS = (
					"$(inherited)",
					"@executable_path/Frameworks",
				);
				MARKETING_VERSION = 1.0;
				PRODUCT_BUNDLE_IDENTIFIER = caiopiteli.SwiftDelegatesStudy;
				PRODUCT_NAME = "$(TARGET_NAME)";
				SWIFT_EMIT_LOC_STRINGS = YES;
				SWIFT_VERSION = 5.0;
				TARGETED_DEVICE_FAMILY = "1,2";
			};
			name = Release;
		};
/* End XCBuildConfiguration section */

/* Begin XCConfigurationList section */
		74DC148F2C108B3F0028B592 /* Build configuration list for PBXProject "SwiftDelegatesStudy" */ = {
			isa = XCConfigurationList;
			buildConfigurations = (
				74DC14A02C108B400028B592 /* Debug */,
				74DC14A12C108B400028B592 /* Release */,
			);
			defaultConfigurationIsVisible = 0;
			defaultConfigurationName = Release;
		};
		74DC14A22C108B400028B592 /* Build configuration list for PBXNativeTarget "SwiftDelegatesStudy" */ = {
			isa = XCConfigurationList;
			buildConfigurations = (
				74DC14A32C108B400028B592 /* Debug */,
				74DC14A42C108B400028B592 /* Release */,
			);
			defaultConfigurationIsVisible = 0;
			defaultConfigurationName = Release;
		};
/* End XCConfigurationList section */
	};
	rootObject = 74DC148C2C108B3F0028B592 /* Project object */;
}
